
Microsoft Visual Studio Solution File, Format Version 12.00
# Visual Studio 15
VisualStudioVersion = 15.0.27130.2036
MinimumVisualStudioVersion = 10.0.40219.1
Project("{FAE04EC0-301F-11D3-BF4B-00C04F79EFBC}") = "StudentHousing", "StudentHousing\StudentHousing.csproj", "{5040AAD0-03AF-40D9-962E-35689245B376}"
EndProject
Global
	GlobalSection(SolutionConfigurationPlatforms) = preSolution
		Debug|Any CPU = Debug|Any CPU
		Release|Any CPU = Release|Any CPU
	EndGlobalSection
	GlobalSection(ProjectConfigurationPlatforms) = postSolution
		{5040AAD0-03AF-40D9-962E-35689245B376}.Debug|Any CPU.ActiveCfg = Debug|Any CPU
		{5040AAD0-03AF-40D9-962E-35689245B376}.Debug|Any CPU.Build.0 = Debug|Any CPU
		{5040AAD0-03AF-40D9-962E-35689245B376}.Release|Any CPU.ActiveCfg = Release|Any CPU
		{5040AAD0-03AF-40D9-962E-35689245B376}.Release|Any CPU.Build.0 = Release|Any CPU
	EndGlobalSection
	GlobalSection(SolutionProperties) = preSolution
		HideSolutionNode = FALSE
	EndGlobalSection
	GlobalSection(ExtensibilityGlobals) = postSolution
		SolutionGuid = {B3280B44-B1E4-4C94-B9FA-18787C60C965}
	EndGlobalSection
EndGlobal
